// !$*UTF8*$!
{
	archiveVersion = 1;
	classes = {
	};
	objectVersion = 53;
	objects = {

/* Begin PBXBuildFile section */
		7D238BE2286E930D00B14B8F /* AppDelegate.swift in Sources */ = {isa = PBXBuildFile; fileRef = 7D238BE1286E930D00B14B8F /* AppDelegate.swift */; };
		7D238BE4286E930D00B14B8F /* SceneDelegate.swift in Sources */ = {isa = PBXBuildFile; fileRef = 7D238BE3286E930D00B14B8F /* SceneDelegate.swift */; };
		7D238BE6286E930D00B14B8F /* ContactViewController.swift in Sources */ = {isa = PBXBuildFile; fileRef = 7D238BE5286E930D00B14B8F /* ContactViewController.swift */; };
		7D238BE9286E930D00B14B8F /* Main.storyboard in Resources */ = {isa = PBXBuildFile; fileRef = 7D238BE7286E930D00B14B8F /* Main.storyboard */; };
		7D238BEB286E932200B14B8F /* Assets.xcassets in Resources */ = {isa = PBXBuildFile; fileRef = 7D238BEA286E932200B14B8F /* Assets.xcassets */; };
		7D238BEE286E932200B14B8F /* LaunchScreen.storyboard in Resources */ = {isa = PBXBuildFile; fileRef = 7D238BEC286E932200B14B8F /* LaunchScreen.storyboard */; };
		7D238BFC286E95E700B14B8F /* LoginViewController.swift in Sources */ = {isa = PBXBuildFile; fileRef = 7D238BFB286E95E700B14B8F /* LoginViewController.swift */; };
		7D238BFE286E95F900B14B8F /* RegisterViewController.swift in Sources */ = {isa = PBXBuildFile; fileRef = 7D238BFD286E95F900B14B8F /* RegisterViewController.swift */; };
		7D238C00286E963900B14B8F /* NewConversationViewController.swift in Sources */ = {isa = PBXBuildFile; fileRef = 7D238BFF286E963900B14B8F /* NewConversationViewController.swift */; };
		7D238C02286E965500B14B8F /* ForgotPasswordViewController.swift in Sources */ = {isa = PBXBuildFile; fileRef = 7D238C01286E965500B14B8F /* ForgotPasswordViewController.swift */; };
		7D238C05286E969200B14B8F /* ProfileViewController.swift in Sources */ = {isa = PBXBuildFile; fileRef = 7D238C04286E969200B14B8F /* ProfileViewController.swift */; };
		7D238C07286E973E00B14B8F /* ConversationsViewController.swift in Sources */ = {isa = PBXBuildFile; fileRef = 7D238C06286E973E00B14B8F /* ConversationsViewController.swift */; };
		7D2EDB62286EDC5C0095E47A /* roundCornersView.swift in Sources */ = {isa = PBXBuildFile; fileRef = 7D2EDB61286EDC5B0095E47A /* roundCornersView.swift */; };
		7D2EDB64286EDDF00095E47A /* showAlertController.swift in Sources */ = {isa = PBXBuildFile; fileRef = 7D2EDB63286EDDEF0095E47A /* showAlertController.swift */; };
		7D2EDB67286EE1980095E47A /* ColorExtension.swift in Sources */ = {isa = PBXBuildFile; fileRef = 7D2EDB66286EE1970095E47A /* ColorExtension.swift */; };
		7D8D73FC286F5BC100138B2E /* GoogleService-Info.plist in Resources */ = {isa = PBXBuildFile; fileRef = 7D8D73FB286F5BC000138B2E /* GoogleService-Info.plist */; };
		7D8D73FF286F5D4C00138B2E /* FirebaseAnalytics in Frameworks */ = {isa = PBXBuildFile; productRef = 7D8D73FE286F5D4C00138B2E /* FirebaseAnalytics */; };
		7D8D7401286F5D4C00138B2E /* FirebaseAuth in Frameworks */ = {isa = PBXBuildFile; productRef = 7D8D7400286F5D4C00138B2E /* FirebaseAuth */; };
		7D8D7403286F5D4C00138B2E /* FirebaseDatabase in Frameworks */ = {isa = PBXBuildFile; productRef = 7D8D7402286F5D4C00138B2E /* FirebaseDatabase */; };
		7D8D7405286F7D5900138B2E /* DatabaseUser.swift in Sources */ = {isa = PBXBuildFile; fileRef = 7D8D7404286F7D5900138B2E /* DatabaseUser.swift */; };
		7D927246288104670093F033 /* GradientExtension.swift in Sources */ = {isa = PBXBuildFile; fileRef = 7D927245288104660093F033 /* GradientExtension.swift */; };
		7DD9414B2870062000B11AA7 /* FirebaseStorage in Frameworks */ = {isa = PBXBuildFile; productRef = 7DD9414A2870062000B11AA7 /* FirebaseStorage */; };
		7DD9414D287007A100B11AA7 /* StorageManager.swift in Sources */ = {isa = PBXBuildFile; fileRef = 7DD9414C287007A000B11AA7 /* StorageManager.swift */; };
/* End PBXBuildFile section */

/* Begin PBXFileReference section */
		7D238BDE286E930D00B14B8F /* MessengerCopy.app */ = {isa = PBXFileReference; explicitFileType = wrapper.application; includeInIndex = 0; path = MessengerCopy.app; sourceTree = BUILT_PRODUCTS_DIR; };
		7D238BE1286E930D00B14B8F /* AppDelegate.swift */ = {isa = PBXFileReference; lastKnownFileType = sourcecode.swift; path = AppDelegate.swift; sourceTree = "<group>"; };
		7D238BE3286E930D00B14B8F /* SceneDelegate.swift */ = {isa = PBXFileReference; lastKnownFileType = sourcecode.swift; path = SceneDelegate.swift; sourceTree = "<group>"; };
		7D238BE5286E930D00B14B8F /* ContactViewController.swift */ = {isa = PBXFileReference; lastKnownFileType = sourcecode.swift; path = ContactViewController.swift; sourceTree = "<group>"; };
		7D238BE8286E930D00B14B8F /* Base */ = {isa = PBXFileReference; lastKnownFileType = file.storyboard; name = Base; path = Base.lproj/Main.storyboard; sourceTree = "<group>"; };
		7D238BEA286E932200B14B8F /* Assets.xcassets */ = {isa = PBXFileReference; lastKnownFileType = folder.assetcatalog; path = Assets.xcassets; sourceTree = "<group>"; };
		7D238BED286E932200B14B8F /* Base */ = {isa = PBXFileReference; lastKnownFileType = file.storyboard; name = Base; path = Base.lproj/LaunchScreen.storyboard; sourceTree = "<group>"; };
		7D238BEF286E932200B14B8F /* Info.plist */ = {isa = PBXFileReference; lastKnownFileType = text.plist.xml; path = Info.plist; sourceTree = "<group>"; };
		7D238BFB286E95E700B14B8F /* LoginViewController.swift */ = {isa = PBXFileReference; lastKnownFileType = sourcecode.swift; path = LoginViewController.swift; sourceTree = "<group>"; };
		7D238BFD286E95F900B14B8F /* RegisterViewController.swift */ = {isa = PBXFileReference; lastKnownFileType = sourcecode.swift; path = RegisterViewController.swift; sourceTree = "<group>"; };
		7D238BFF286E963900B14B8F /* NewConversationViewController.swift */ = {isa = PBXFileReference; lastKnownFileType = sourcecode.swift; path = NewConversationViewController.swift; sourceTree = "<group>"; };
		7D238C01286E965500B14B8F /* ForgotPasswordViewController.swift */ = {isa = PBXFileReference; lastKnownFileType = sourcecode.swift; path = ForgotPasswordViewController.swift; sourceTree = "<group>"; };
		7D238C04286E969200B14B8F /* ProfileViewController.swift */ = {isa = PBXFileReference; lastKnownFileType = sourcecode.swift; name = ProfileViewController.swift; path = MessengerCopy/Controllers/ProfileViewController.swift; sourceTree = SOURCE_ROOT; };
		7D238C06286E973E00B14B8F /* ConversationsViewController.swift */ = {isa = PBXFileReference; lastKnownFileType = sourcecode.swift; path = ConversationsViewController.swift; sourceTree = "<group>"; };
		7D2EDB61286EDC5B0095E47A /* roundCornersView.swift */ = {isa = PBXFileReference; lastKnownFileType = sourcecode.swift; path = roundCornersView.swift; sourceTree = "<group>"; };
		7D2EDB63286EDDEF0095E47A /* showAlertController.swift */ = {isa = PBXFileReference; lastKnownFileType = sourcecode.swift; path = showAlertController.swift; sourceTree = "<group>"; };
		7D2EDB66286EE1970095E47A /* ColorExtension.swift */ = {isa = PBXFileReference; lastKnownFileType = sourcecode.swift; path = ColorExtension.swift; sourceTree = "<group>"; };
		7D8D73FB286F5BC000138B2E /* GoogleService-Info.plist */ = {isa = PBXFileReference; fileEncoding = 4; lastKnownFileType = text.plist.xml; path = "GoogleService-Info.plist"; sourceTree = "<group>"; };
		7D8D7404286F7D5900138B2E /* DatabaseUser.swift */ = {isa = PBXFileReference; lastKnownFileType = sourcecode.swift; path = DatabaseUser.swift; sourceTree = "<group>"; };
		7D927245288104660093F033 /* GradientExtension.swift */ = {isa = PBXFileReference; lastKnownFileType = sourcecode.swift; path = GradientExtension.swift; sourceTree = "<group>"; };
		7DD9414C287007A000B11AA7 /* StorageManager.swift */ = {isa = PBXFileReference; lastKnownFileType = sourcecode.swift; path = StorageManager.swift; sourceTree = "<group>"; };
/* End PBXFileReference section */

/* Begin PBXFrameworksBuildPhase section */
		7D238BDB286E930D00B14B8F /* Frameworks */ = {
			isa = PBXFrameworksBuildPhase;
			buildActionMask = 2147483647;
			files = (
				7D8D7403286F5D4C00138B2E /* FirebaseDatabase in Frameworks */,
				7DD9414B2870062000B11AA7 /* FirebaseStorage in Frameworks */,
				7D8D73FF286F5D4C00138B2E /* FirebaseAnalytics in Frameworks */,
				7D8D7401286F5D4C00138B2E /* FirebaseAuth in Frameworks */,
			);
			runOnlyForDeploymentPostprocessing = 0;
		};
/* End PBXFrameworksBuildPhase section */

/* Begin PBXGroup section */
		7D238BD5286E930D00B14B8F = {
			isa = PBXGroup;
			children = (
				7D238BE0286E930D00B14B8F /* MessengerCopy */,
				7D238BDF286E930D00B14B8F /* Products */,
				7DD941492870061700B11AA7 /* Frameworks */,
			);
			sourceTree = "<group>";
		};
		7D238BDF286E930D00B14B8F /* Products */ = {
			isa = PBXGroup;
			children = (
				7D238BDE286E930D00B14B8F /* MessengerCopy.app */,
			);
			name = Products;
			sourceTree = "<group>";
		};
		7D238BE0286E930D00B14B8F /* MessengerCopy */ = {
			isa = PBXGroup;
			children = (
				7D8D73FB286F5BC000138B2E /* GoogleService-Info.plist */,
				7D238BF9286E945F00B14B8F /* Resources */,
				7D238BF8286E945400B14B8F /* ViewModels */,
				7D238BF7286E944D00B14B8F /* Models */,
				7D238BF6286E943D00B14B8F /* Views */,
				7D238BF5286E942900B14B8F /* Controllers */,
				7D238BEF286E932200B14B8F /* Info.plist */,
			);
			path = MessengerCopy;
			sourceTree = "<group>";
		};
		7D238BF5286E942900B14B8F /* Controllers */ = {
			isa = PBXGroup;
			children = (
				7D238C03286E965A00B14B8F /* Login */,
				7D238BE5286E930D00B14B8F /* ContactViewController.swift */,
				7D238C04286E969200B14B8F /* ProfileViewController.swift */,
				7D238C06286E973E00B14B8F /* ConversationsViewController.swift */,
				7D238BFF286E963900B14B8F /* NewConversationViewController.swift */,
			);
			path = Controllers;
			sourceTree = "<group>";
		};
		7D238BF6286E943D00B14B8F /* Views */ = {
			isa = PBXGroup;
			children = (
				7D238BFA286E94B100B14B8F /* Storyboards */,
				7D238BEA286E932200B14B8F /* Assets.xcassets */,
			);
			path = Views;
			sourceTree = "<group>";
		};
		7D238BF7286E944D00B14B8F /* Models */ = {
			isa = PBXGroup;
			children = (
			);
			path = Models;
			sourceTree = "<group>";
		};
		7D238BF8286E945400B14B8F /* ViewModels */ = {
			isa = PBXGroup;
			children = (
			);
			path = ViewModels;
			sourceTree = "<group>";
		};
		7D238BF9286E945F00B14B8F /* Resources */ = {
			isa = PBXGroup;
			children = (
				7D2EDB65286EDF230095E47A /* Extension */,
				7D238BE1286E930D00B14B8F /* AppDelegate.swift */,
				7D238BE3286E930D00B14B8F /* SceneDelegate.swift */,
				7D8D7404286F7D5900138B2E /* DatabaseUser.swift */,
				7DD9414C287007A000B11AA7 /* StorageManager.swift */,
			);
			path = Resources;
			sourceTree = "<group>";
		};
		7D238BFA286E94B100B14B8F /* Storyboards */ = {
			isa = PBXGroup;
			children = (
				7D238BE7286E930D00B14B8F /* Main.storyboard */,
				7D238BEC286E932200B14B8F /* LaunchScreen.storyboard */,
			);
			path = Storyboards;
			sourceTree = "<group>";
		};
		7D238C03286E965A00B14B8F /* Login */ = {
			isa = PBXGroup;
			children = (
				7D238BFB286E95E700B14B8F /* LoginViewController.swift */,
				7D238BFD286E95F900B14B8F /* RegisterViewController.swift */,
				7D238C01286E965500B14B8F /* ForgotPasswordViewController.swift */,
			);
			path = Login;
			sourceTree = "<group>";
		};
		7D2EDB65286EDF230095E47A /* Extension */ = {
			isa = PBXGroup;
			children = (
				7D2EDB61286EDC5B0095E47A /* roundCornersView.swift */,
				7D2EDB63286EDDEF0095E47A /* showAlertController.swift */,
				7D2EDB66286EE1970095E47A /* ColorExtension.swift */,
				7D927245288104660093F033 /* GradientExtension.swift */,
			);
			path = Extension;
			sourceTree = "<group>";
		};
		7DD941492870061700B11AA7 /* Frameworks */ = {
			isa = PBXGroup;
			children = (
			);
			name = Frameworks;
			sourceTree = "<group>";
		};
/* End PBXGroup section */

/* Begin PBXNativeTarget section */
		7D238BDD286E930D00B14B8F /* MessengerCopy */ = {
			isa = PBXNativeTarget;
			buildConfigurationList = 7D238BF2286E932300B14B8F /* Build configuration list for PBXNativeTarget "MessengerCopy" */;
			buildPhases = (
				7D238BDA286E930D00B14B8F /* Sources */,
				7D238BDB286E930D00B14B8F /* Frameworks */,
				7D238BDC286E930D00B14B8F /* Resources */,
			);
			buildRules = (
			);
			dependencies = (
			);
			name = MessengerCopy;
			packageProductDependencies = (
				7D8D73FE286F5D4C00138B2E /* FirebaseAnalytics */,
				7D8D7400286F5D4C00138B2E /* FirebaseAuth */,
				7D8D7402286F5D4C00138B2E /* FirebaseDatabase */,
				7DD9414A2870062000B11AA7 /* FirebaseStorage */,
			);
			productName = MessengerCopy;
			productReference = 7D238BDE286E930D00B14B8F /* MessengerCopy.app */;
			productType = "com.apple.product-type.application";
		};
/* End PBXNativeTarget section */

/* Begin PBXProject section */
		7D238BD6286E930D00B14B8F /* Project object */ = {
			isa = PBXProject;
			attributes = {
				BuildIndependentTargetsInParallel = 1;
				LastSwiftUpdateCheck = 1330;
				LastUpgradeCheck = 1330;
				TargetAttributes = {
					7D238BDD286E930D00B14B8F = {
						CreatedOnToolsVersion = 13.3.1;
					};
				};
			};
			buildConfigurationList = 7D238BD9286E930D00B14B8F /* Build configuration list for PBXProject "MessengerCopy" */;
			compatibilityVersion = "Xcode 11.4";
			developmentRegion = en;
			hasScannedForEncodings = 0;
			knownRegions = (
				en,
				Base,
			);
			mainGroup = 7D238BD5286E930D00B14B8F;
			packageReferences = (
				7D8D73FD286F5D4A00138B2E /* XCRemoteSwiftPackageReference "firebase-ios-sdk" */,
			);
			productRefGroup = 7D238BDF286E930D00B14B8F /* Products */;
			projectDirPath = "";
			projectRoot = "";
			targets = (
				7D238BDD286E930D00B14B8F /* MessengerCopy */,
			);
		};
/* End PBXProject section */

/* Begin PBXResourcesBuildPhase section */
		7D238BDC286E930D00B14B8F /* Resources */ = {
			isa = PBXResourcesBuildPhase;
			buildActionMask = 2147483647;
			files = (
				7D238BEE286E932200B14B8F /* LaunchScreen.storyboard in Resources */,
				7D8D73FC286F5BC100138B2E /* GoogleService-Info.plist in Resources */,
				7D238BEB286E932200B14B8F /* Assets.xcassets in Resources */,
				7D238BE9286E930D00B14B8F /* Main.storyboard in Resources */,
			);
			runOnlyForDeploymentPostprocessing = 0;
		};
/* End PBXResourcesBuildPhase section */

/* Begin PBXSourcesBuildPhase section */
		7D238BDA286E930D00B14B8F /* Sources */ = {
			isa = PBXSourcesBuildPhase;
			buildActionMask = 2147483647;
			files = (
				7D2EDB62286EDC5C0095E47A /* roundCornersView.swift in Sources */,
				7D927246288104670093F033 /* GradientExtension.swift in Sources */,
				7D238C00286E963900B14B8F /* NewConversationViewController.swift in Sources */,
				7D238C02286E965500B14B8F /* ForgotPasswordViewController.swift in Sources */,
				7DD9414D287007A100B11AA7 /* StorageManager.swift in Sources */,
				7D2EDB67286EE1980095E47A /* ColorExtension.swift in Sources */,
				7D8D7405286F7D5900138B2E /* DatabaseUser.swift in Sources */,
				7D238BFC286E95E700B14B8F /* LoginViewController.swift in Sources */,
				7D238BFE286E95F900B14B8F /* RegisterViewController.swift in Sources */,
				7D2EDB64286EDDF00095E47A /* showAlertController.swift in Sources */,
				7D238BE6286E930D00B14B8F /* ContactViewController.swift in Sources */,
				7D238BE2286E930D00B14B8F /* AppDelegate.swift in Sources */,
				7D238C07286E973E00B14B8F /* ConversationsViewController.swift in Sources */,
				7D238C05286E969200B14B8F /* ProfileViewController.swift in Sources */,
				7D238BE4286E930D00B14B8F /* SceneDelegate.swift in Sources */,
			);
			runOnlyForDeploymentPostprocessing = 0;
		};
/* End PBXSourcesBuildPhase section */

/* Begin PBXVariantGroup section */
		7D238BE7286E930D00B14B8F /* Main.storyboard */ = {
			isa = PBXVariantGroup;
			children = (
				7D238BE8286E930D00B14B8F /* Base */,
			);
			name = Main.storyboard;
			sourceTree = "<group>";
		};
		7D238BEC286E932200B14B8F /* LaunchScreen.storyboard */ = {
			isa = PBXVariantGroup;
			children = (
				7D238BED286E932200B14B8F /* Base */,
			);
			name = LaunchScreen.storyboard;
			sourceTree = "<group>";
		};
/* End PBXVariantGroup section */

/* Begin XCBuildConfiguration section */
		7D238BF0286E932200B14B8F /* Debug */ = {
			isa = XCBuildConfiguration;
			buildSettings = {
				ALWAYS_SEARCH_USER_PATHS = NO;
				CLANG_ANALYZER_NONNULL = YES;
				CLANG_ANALYZER_NUMBER_OBJECT_CONVERSION = YES_AGGRESSIVE;
				CLANG_CXX_LANGUAGE_STANDARD = "gnu++17";
				CLANG_ENABLE_MODULES = YES;
				CLANG_ENABLE_OBJC_ARC = YES;
				CLANG_ENABLE_OBJC_WEAK = YES;
				CLANG_WARN_BLOCK_CAPTURE_AUTORELEASING = YES;
				CLANG_WARN_BOOL_CONVERSION = YES;
				CLANG_WARN_COMMA = YES;
				CLANG_WARN_CONSTANT_CONVERSION = YES;
				CLANG_WARN_DEPRECATED_OBJC_IMPLEMENTATIONS = YES;
				CLANG_WARN_DIRECT_OBJC_ISA_USAGE = YES_ERROR;
				CLANG_WARN_DOCUMENTATION_COMMENTS = YES;
				CLANG_WARN_EMPTY_BODY = YES;
				CLANG_WARN_ENUM_CONVERSION = YES;
				CLANG_WARN_INFINITE_RECURSION = YES;
				CLANG_WARN_INT_CONVERSION = YES;
				CLANG_WARN_NON_LITERAL_NULL_CONVERSION = YES;
				CLANG_WARN_OBJC_IMPLICIT_RETAIN_SELF = YES;
				CLANG_WARN_OBJC_LITERAL_CONVERSION = YES;
				CLANG_WARN_OBJC_ROOT_CLASS = YES_ERROR;
				CLANG_WARN_QUOTED_INCLUDE_IN_FRAMEWORK_HEADER = YES;
				CLANG_WARN_RANGE_LOOP_ANALYSIS = YES;
				CLANG_WARN_STRICT_PROTOTYPES = YES;
				CLANG_WARN_SUSPICIOUS_MOVE = YES;
				CLANG_WARN_UNGUARDED_AVAILABILITY = YES_AGGRESSIVE;
				CLANG_WARN_UNREACHABLE_CODE = YES;
				CLANG_WARN__DUPLICATE_METHOD_MATCH = YES;
				COPY_PHASE_STRIP = NO;
				DEBUG_INFORMATION_FORMAT = dwarf;
				ENABLE_STRICT_OBJC_MSGSEND = YES;
				ENABLE_TESTABILITY = YES;
				GCC_C_LANGUAGE_STANDARD = gnu11;
				GCC_DYNAMIC_NO_PIC = NO;
				GCC_NO_COMMON_BLOCKS = YES;
				GCC_OPTIMIZATION_LEVEL = 0;
				GCC_PREPROCESSOR_DEFINITIONS = (
					"DEBUG=1",
					"$(inherited)",
				);
				GCC_WARN_64_TO_32_BIT_CONVERSION = YES;
				GCC_WARN_ABOUT_RETURN_TYPE = YES_ERROR;
				GCC_WARN_UNDECLARED_SELECTOR = YES;
				GCC_WARN_UNINITIALIZED_AUTOS = YES_AGGRESSIVE;
				GCC_WARN_UNUSED_FUNCTION = YES;
				GCC_WARN_UNUSED_VARIABLE = YES;
				IPHONEOS_DEPLOYMENT_TARGET = 15.4;
				MTL_ENABLE_DEBUG_INFO = INCLUDE_SOURCE;
				MTL_FAST_MATH = YES;
				ONLY_ACTIVE_ARCH = YES;
				SDKROOT = iphoneos;
				SWIFT_ACTIVE_COMPILATION_CONDITIONS = DEBUG;
				SWIFT_OPTIMIZATION_LEVEL = "-Onone";
			};
			name = Debug;
		};
		7D238BF1286E932200B14B8F /* Release */ = {
			isa = XCBuildConfiguration;
			buildSettings = {
				ALWAYS_SEARCH_USER_PATHS = NO;
				CLANG_ANALYZER_NONNULL = YES;
				CLANG_ANALYZER_NUMBER_OBJECT_CONVERSION = YES_AGGRESSIVE;
				CLANG_CXX_LANGUAGE_STANDARD = "gnu++17";
				CLANG_ENABLE_MODULES = YES;
				CLANG_ENABLE_OBJC_ARC = YES;
				CLANG_ENABLE_OBJC_WEAK = YES;
				CLANG_WARN_BLOCK_CAPTURE_AUTORELEASING = YES;
				CLANG_WARN_BOOL_CONVERSION = YES;
				CLANG_WARN_COMMA = YES;
				CLANG_WARN_CONSTANT_CONVERSION = YES;
				CLANG_WARN_DEPRECATED_OBJC_IMPLEMENTATIONS = YES;
				CLANG_WARN_DIRECT_OBJC_ISA_USAGE = YES_ERROR;
				CLANG_WARN_DOCUMENTATION_COMMENTS = YES;
				CLANG_WARN_EMPTY_BODY = YES;
				CLANG_WARN_ENUM_CONVERSION = YES;
				CLANG_WARN_INFINITE_RECURSION = YES;
				CLANG_WARN_INT_CONVERSION = YES;
				CLANG_WARN_NON_LITERAL_NULL_CONVERSION = YES;
				CLANG_WARN_OBJC_IMPLICIT_RETAIN_SELF = YES;
				CLANG_WARN_OBJC_LITERAL_CONVERSION = YES;
				CLANG_WARN_OBJC_ROOT_CLASS = YES_ERROR;
				CLANG_WARN_QUOTED_INCLUDE_IN_FRAMEWORK_HEADER = YES;
				CLANG_WARN_RANGE_LOOP_ANALYSIS = YES;
				CLANG_WARN_STRICT_PROTOTYPES = YES;
				CLANG_WARN_SUSPICIOUS_MOVE = YES;
				CLANG_WARN_UNGUARDED_AVAILABILITY = YES_AGGRESSIVE;
				CLANG_WARN_UNREACHABLE_CODE = YES;
				CLANG_WARN__DUPLICATE_METHOD_MATCH = YES;
				COPY_PHASE_STRIP = NO;
				DEBUG_INFORMATION_FORMAT = "dwarf-with-dsym";
				ENABLE_NS_ASSERTIONS = NO;
				ENABLE_STRICT_OBJC_MSGSEND = YES;
				GCC_C_LANGUAGE_STANDARD = gnu11;
				GCC_NO_COMMON_BLOCKS = YES;
				GCC_WARN_64_TO_32_BIT_CONVERSION = YES;
				GCC_WARN_ABOUT_RETURN_TYPE = YES_ERROR;
				GCC_WARN_UNDECLARED_SELECTOR = YES;
				GCC_WARN_UNINITIALIZED_AUTOS = YES_AGGRESSIVE;
				GCC_WARN_UNUSED_FUNCTION = YES;
				GCC_WARN_UNUSED_VARIABLE = YES;
				IPHONEOS_DEPLOYMENT_TARGET = 15.4;
				MTL_ENABLE_DEBUG_INFO = NO;
				MTL_FAST_MATH = YES;
				SDKROOT = iphoneos;
				SWIFT_COMPILATION_MODE = wholemodule;
				SWIFT_OPTIMIZATION_LEVEL = "-O";
				VALIDATE_PRODUCT = YES;
			};
			name = Release;
		};
		7D238BF3286E932300B14B8F /* Debug */ = {
			isa = XCBuildConfiguration;
			buildSettings = {
				ASSETCATALOG_COMPILER_APPICON_NAME = AppIcon;
				ASSETCATALOG_COMPILER_GLOBAL_ACCENT_COLOR_NAME = AccentColor;
				CODE_SIGN_STYLE = Automatic;
				CURRENT_PROJECT_VERSION = 1;
				GENERATE_INFOPLIST_FILE = YES;
				INFOPLIST_FILE = MessengerCopy/Info.plist;
				INFOPLIST_KEY_UIApplicationSupportsIndirectInputEvents = YES;
				INFOPLIST_KEY_UILaunchStoryboardName = LaunchScreen;
				INFOPLIST_KEY_UIMainStoryboardFile = Main;
				INFOPLIST_KEY_UISupportedInterfaceOrientations = UIInterfaceOrientationPortrait;
				INFOPLIST_KEY_UISupportedInterfaceOrientations_iPad = "UIInterfaceOrientationPortrait UIInterfaceOrientationPortraitUpsideDown UIInterfaceOrientationLandscapeLeft UIInterfaceOrientationLandscapeRight";
				INFOPLIST_KEY_UISupportedInterfaceOrientations_iPhone = "UIInterfaceOrientationPortrait UIInterfaceOrientationLandscapeLeft UIInterfaceOrientationLandscapeRight";
				IPHONEOS_DEPLOYMENT_TARGET = 15.0;
				LD_RUNPATH_SEARCH_PATHS = (
					"$(inherited)",
					"@executable_path/Frameworks",
				);
				MARKETING_VERSION = 1.0;
				PRODUCT_BUNDLE_IDENTIFIER = com.isil.MessengerCopy;
				PRODUCT_NAME = "$(TARGET_NAME)";
				SWIFT_EMIT_LOC_STRINGS = YES;
				SWIFT_VERSION = 5.0;
				TARGETED_DEVICE_FAMILY = "1,2";
			};
			name = Debug;
		};
		7D238BF4286E932300B14B8F /* Release */ = {
			isa = XCBuildConfiguration;
			buildSettings = {
				ASSETCATALOG_COMPILER_APPICON_NAME = AppIcon;
				ASSETCATALOG_COMPILER_GLOBAL_ACCENT_COLOR_NAME = AccentColor;
				CODE_SIGN_STYLE = Automatic;
				CURRENT_PROJECT_VERSION = 1;
				GENERATE_INFOPLIST_FILE = YES;
				INFOPLIST_FILE = MessengerCopy/Info.plist;
				INFOPLIST_KEY_UIApplicationSupportsIndirectInputEvents = YES;
				INFOPLIST_KEY_UILaunchStoryboardName = LaunchScreen;
				INFOPLIST_KEY_UIMainStoryboardFile = Main;
				INFOPLIST_KEY_UISupportedInterfaceOrientations = UIInterfaceOrientationPortrait;
				INFOPLIST_KEY_UISupportedInterfaceOrientations_iPad = "UIInterfaceOrientationPortrait UIInterfaceOrientationPortraitUpsideDown UIInterfaceOrientationLandscapeLeft UIInterfaceOrientationLandscapeRight";
				INFOPLIST_KEY_UISupportedInterfaceOrientations_iPhone = "UIInterfaceOrientationPortrait UIInterfaceOrientationLandscapeLeft UIInterfaceOrientationLandscapeRight";
				IPHONEOS_DEPLOYMENT_TARGET = 15.0;
				LD_RUNPATH_SEARCH_PATHS = (
					"$(inherited)",
					"@executable_path/Frameworks",
				);
				MARKETING_VERSION = 1.0;
				PRODUCT_BUNDLE_IDENTIFIER = com.isil.MessengerCopy;
				PRODUCT_NAME = "$(TARGET_NAME)";
				SWIFT_EMIT_LOC_STRINGS = YES;
				SWIFT_VERSION = 5.0;
				TARGETED_DEVICE_FAMILY = "1,2";
			};
			name = Release;
		};
/* End XCBuildConfiguration section */

/* Begin XCConfigurationList section */
		7D238BD9286E930D00B14B8F /* Build configuration list for PBXProject "MessengerCopy" */ = {
			isa = XCConfigurationList;
			buildConfigurations = (
				7D238BF0286E932200B14B8F /* Debug */,
				7D238BF1286E932200B14B8F /* Release */,
			);
			defaultConfigurationIsVisible = 0;
			defaultConfigurationName = Release;
		};
		7D238BF2286E932300B14B8F /* Build configuration list for PBXNativeTarget "MessengerCopy" */ = {
			isa = XCConfigurationList;
			buildConfigurations = (
				7D238BF3286E932300B14B8F /* Debug */,
				7D238BF4286E932300B14B8F /* Release */,
			);
			defaultConfigurationIsVisible = 0;
			defaultConfigurationName = Release;
		};
/* End XCConfigurationList section */

/* Begin XCRemoteSwiftPackageReference section */
		7D8D73FD286F5D4A00138B2E /* XCRemoteSwiftPackageReference "firebase-ios-sdk" */ = {
			isa = XCRemoteSwiftPackageReference;
			repositoryURL = "https://github.com/firebase/firebase-ios-sdk";
			requirement = {
				kind = upToNextMajorVersion;
				minimumVersion = 9.0.0;
			};
		};
/* End XCRemoteSwiftPackageReference section */

/* Begin XCSwiftPackageProductDependency section */
		7D8D73FE286F5D4C00138B2E /* FirebaseAnalytics */ = {
			isa = XCSwiftPackageProductDependency;
			package = 7D8D73FD286F5D4A00138B2E /* XCRemoteSwiftPackageReference "firebase-ios-sdk" */;
			productName = FirebaseAnalytics;
		};
		7D8D7400286F5D4C00138B2E /* FirebaseAuth */ = {
			isa = XCSwiftPackageProductDependency;
			package = 7D8D73FD286F5D4A00138B2E /* XCRemoteSwiftPackageReference "firebase-ios-sdk" */;
			productName = FirebaseAuth;
		};
		7D8D7402286F5D4C00138B2E /* FirebaseDatabase */ = {
			isa = XCSwiftPackageProductDependency;
			package = 7D8D73FD286F5D4A00138B2E /* XCRemoteSwiftPackageReference "firebase-ios-sdk" */;
			productName = FirebaseDatabase;
		};
		7DD9414A2870062000B11AA7 /* FirebaseStorage */ = {
			isa = XCSwiftPackageProductDependency;
			package = 7D8D73FD286F5D4A00138B2E /* XCRemoteSwiftPackageReference "firebase-ios-sdk" */;
			productName = FirebaseStorage;
		};
/* End XCSwiftPackageProductDependency section */
	};
	rootObject = 7D238BD6286E930D00B14B8F /* Project object */;
}
